
Microsoft Visual Studio Solution File, Format Version 12.00
# Visual Studio Version 17
VisualStudioVersion = 17.0.31903.59
MinimumVisualStudioVersion = 10.0.40219.1
Project("{2150E333-8FDC-42A3-9474-1A3956D46DE8}") = "src", "src", "{827E0CD3-B72D-47B6-A68D-7590B98EB39B}"
EndProject
Project("{FAE04EC0-301F-11D3-BF4B-00C04F79EFBC}") = "RiftSharp", "src\RiftSharp\RiftSharp.csproj", "{6CEC9964-A817-49C3-B2E1-53080E7A632A}"
EndProject
Project("{2150E333-8FDC-42A3-9474-1A3956D46DE8}") = "tests", "tests", "{0AB3BF05-4346-4AA6-1389-037BE0695223}"
EndProject
Project("{FAE04EC0-301F-11D3-BF4B-00C04F79EFBC}") = "RiftSharp.Tests", "tests\RiftSharp.Tests\RiftSharp.Tests.csproj", "{1B722EBB-D3AA-4BD7-A19E-798E987CC7FD}"
EndProject
Project("{2150E333-8FDC-42A3-9474-1A3956D46DE8}") = "examples", "examples", "{B36A84DF-456D-A817-6EDD-3EC3E7F6E11F}"
EndProject
Project("{FAE04EC0-301F-11D3-BF4B-00C04F79EFBC}") = "RiftSharp.Example", "examples\RiftSharp.Example\RiftSharp.Example.csproj", "{09DF975E-5C55-4E32-9661-16433331E193}"
EndProject
Global
	GlobalSection(SolutionConfigurationPlatforms) = preSolution
		Debug|Any CPU = Debug|Any CPU
		Debug|x64 = Debug|x64
		Debug|x86 = Debug|x86
		Release|Any CPU = Release|Any CPU
		Release|x64 = Release|x64
		Release|x86 = Release|x86
	EndGlobalSection
	GlobalSection(ProjectConfigurationPlatforms) = postSolution
		{6CEC9964-A817-49C3-B2E1-53080E7A632A}.Debug|Any CPU.ActiveCfg = Debug|Any CPU
		{6CEC9964-A817-49C3-B2E1-53080E7A632A}.Debug|Any CPU.Build.0 = Debug|Any CPU
		{6CEC9964-A817-49C3-B2E1-53080E7A632A}.Debug|x64.ActiveCfg = Debug|Any CPU
		{6CEC9964-A817-49C3-B2E1-53080E7A632A}.Debug|x64.Build.0 = Debug|Any CPU
		{6CEC9964-A817-49C3-B2E1-53080E7A632A}.Debug|x86.ActiveCfg = Debug|Any CPU
		{6CEC9964-A817-49C3-B2E1-53080E7A632A}.Debug|x86.Build.0 = Debug|Any CPU
		{6CEC9964-A817-49C3-B2E1-53080E7A632A}.Release|Any CPU.ActiveCfg = Release|Any CPU
		{6CEC9964-A817-49C3-B2E1-53080E7A632A}.Release|Any CPU.Build.0 = Release|Any CPU
		{6CEC9964-A817-49C3-B2E1-53080E7A632A}.Release|x64.ActiveCfg = Release|Any CPU
		{6CEC9964-A817-49C3-B2E1-53080E7A632A}.Release|x64.Build.0 = Release|Any CPU
		{6CEC9964-A817-49C3-B2E1-53080E7A632A}.Release|x86.ActiveCfg = Release|Any CPU
		{6CEC9964-A817-49C3-B2E1-53080E7A632A}.Release|x86.Build.0 = Release|Any CPU
		{1B722EBB-D3AA-4BD7-A19E-798E987CC7FD}.Debug|Any CPU.ActiveCfg = Debug|Any CPU
		{1B722EBB-D3AA-4BD7-A19E-798E987CC7FD}.Debug|Any CPU.Build.0 = Debug|Any CPU
		{1B722EBB-D3AA-4BD7-A19E-798E987CC7FD}.Debug|x64.ActiveCfg = Debug|Any CPU
		{1B722EBB-D3AA-4BD7-A19E-798E987CC7FD}.Debug|x64.Build.0 = Debug|Any CPU
		{1B722EBB-D3AA-4BD7-A19E-798E987CC7FD}.Debug|x86.ActiveCfg = Debug|Any CPU
		{1B722EBB-D3AA-4BD7-A19E-798E987CC7FD}.Debug|x86.Build.0 = Debug|Any CPU
		{1B722EBB-D3AA-4BD7-A19E-798E987CC7FD}.Release|Any CPU.ActiveCfg = Release|Any CPU
		{1B722EBB-D3AA-4BD7-A19E-798E987CC7FD}.Release|Any CPU.Build.0 = Release|Any CPU
		{1B722EBB-D3AA-4BD7-A19E-798E987CC7FD}.Release|x64.ActiveCfg = Release|Any CPU
		{1B722EBB-D3AA-4BD7-A19E-798E987CC7FD}.Release|x64.Build.0 = Release|Any CPU
		{1B722EBB-D3AA-4BD7-A19E-798E987CC7FD}.Release|x86.ActiveCfg = Release|Any CPU
		{1B722EBB-D3AA-4BD7-A19E-798E987CC7FD}.Release|x86.Build.0 = Release|Any CPU
		{09DF975E-5C55-4E32-9661-16433331E193}.Debug|Any CPU.ActiveCfg = Debug|Any CPU
		{09DF975E-5C55-4E32-9661-16433331E193}.Debug|Any CPU.Build.0 = Debug|Any CPU
		{09DF975E-5C55-4E32-9661-16433331E193}.Debug|x64.ActiveCfg = Debug|Any CPU
		{09DF975E-5C55-4E32-9661-16433331E193}.Debug|x64.Build.0 = Debug|Any CPU
		{09DF975E-5C55-4E32-9661-16433331E193}.Debug|x86.ActiveCfg = Debug|Any CPU
		{09DF975E-5C55-4E32-9661-16433331E193}.Debug|x86.Build.0 = Debug|Any CPU
		{09DF975E-5C55-4E32-9661-16433331E193}.Release|Any CPU.ActiveCfg = Release|Any CPU
		{09DF975E-5C55-4E32-9661-16433331E193}.Release|Any CPU.Build.0 = Release|Any CPU
		{09DF975E-5C55-4E32-9661-16433331E193}.Release|x64.ActiveCfg = Release|Any CPU
		{09DF975E-5C55-4E32-9661-16433331E193}.Release|x64.Build.0 = Release|Any CPU
		{09DF975E-5C55-4E32-9661-16433331E193}.Release|x86.ActiveCfg = Release|Any CPU
		{09DF975E-5C55-4E32-9661-16433331E193}.Release|x86.Build.0 = Release|Any CPU
	EndGlobalSection
	GlobalSection(SolutionProperties) = preSolution
		HideSolutionNode = FALSE
	EndGlobalSection
	GlobalSection(NestedProjects) = preSolution
		{6CEC9964-A817-49C3-B2E1-53080E7A632A} = {827E0CD3-B72D-47B6-A68D-7590B98EB39B}
		{1B722EBB-D3AA-4BD7-A19E-798E987CC7FD} = {0AB3BF05-4346-4AA6-1389-037BE0695223}
		{09DF975E-5C55-4E32-9661-16433331E193} = {B36A84DF-456D-A817-6EDD-3EC3E7F6E11F}
	EndGlobalSection
EndGlobal
